
Microsoft Visual Studio Solution File, Format Version 11.00
# Visual Studio 2010
Project("{FAE04EC0-301F-11D3-BF4B-00C04F79EFBC}") = "Gold", "Gold.csproj", "{2a640bd8-bc9a-4057-41d5-aa6e3f79597c}"
EndProject
Project("{FAE04EC0-301F-11D3-BF4B-00C04F79EFBC}") = "Shop", "Shop.csproj", "{23f56aa1-3f54-653f-2b42-47392e6ecfc4}"
EndProject
Project("{FAE04EC0-301F-11D3-BF4B-00C04F79EFBC}") = "Core", "Core.csproj", "{61647333-5d7e-bf63-c153-96b24bc787cc}"
EndProject
Project("{FAE04EC0-301F-11D3-BF4B-00C04F79EFBC}") = "Health", "Health.csproj", "{2a903158-6c90-79e8-b78b-e0ff720a666e}"
EndProject
Project("{FAE04EC0-301F-11D3-BF4B-00C04F79EFBC}") = "Location", "Location.csproj", "{6f0d2a48-f6fa-7b02-50e9-3f70784f8db2}"
EndProject
Project("{FAE04EC0-301F-11D3-BF4B-00C04F79EFBC}") = "Assembly-CSharp", "Assembly-CSharp.csproj", "{c50cf157-d1b3-5f3b-0715-b954d66f347d}"
EndProject
Global
	GlobalSection(SolutionConfigurationPlatforms) = preSolution
		Debug|Any CPU = Debug|Any CPU
	EndGlobalSection
	GlobalSection(ProjectConfigurationPlatforms) = postSolution
		{2a640bd8-bc9a-4057-41d5-aa6e3f79597c}.Debug|Any CPU.ActiveCfg = Debug|Any CPU
		{2a640bd8-bc9a-4057-41d5-aa6e3f79597c}.Debug|Any CPU.Build.0 = Debug|Any CPU
		{23f56aa1-3f54-653f-2b42-47392e6ecfc4}.Debug|Any CPU.ActiveCfg = Debug|Any CPU
		{23f56aa1-3f54-653f-2b42-47392e6ecfc4}.Debug|Any CPU.Build.0 = Debug|Any CPU
		{61647333-5d7e-bf63-c153-96b24bc787cc}.Debug|Any CPU.ActiveCfg = Debug|Any CPU
		{61647333-5d7e-bf63-c153-96b24bc787cc}.Debug|Any CPU.Build.0 = Debug|Any CPU
		{2a903158-6c90-79e8-b78b-e0ff720a666e}.Debug|Any CPU.ActiveCfg = Debug|Any CPU
		{2a903158-6c90-79e8-b78b-e0ff720a666e}.Debug|Any CPU.Build.0 = Debug|Any CPU
		{6f0d2a48-f6fa-7b02-50e9-3f70784f8db2}.Debug|Any CPU.ActiveCfg = Debug|Any CPU
		{6f0d2a48-f6fa-7b02-50e9-3f70784f8db2}.Debug|Any CPU.Build.0 = Debug|Any CPU
		{c50cf157-d1b3-5f3b-0715-b954d66f347d}.Debug|Any CPU.ActiveCfg = Debug|Any CPU
		{c50cf157-d1b3-5f3b-0715-b954d66f347d}.Debug|Any CPU.Build.0 = Debug|Any CPU
	EndGlobalSection
	GlobalSection(SolutionProperties) = preSolution
		HideSolutionNode = FALSE
	EndGlobalSection
EndGlobal
